
Microsoft Visual Studio Solution File, Format Version 12.00
# Visual Studio Version 16
VisualStudioVersion = 16.0.29609.76
MinimumVisualStudioVersion = 10.0.40219.1
Project("{9A19103F-16F7-4668-BE54-9A1E7A4F7556}") = "MarcelBot", "MarcelBot\MarcelBot.csproj", "{21A89583-B632-4F74-85BE-53E18994A594}"
EndProject
Project("{2150E333-8FDC-42A3-9474-1A3956D46DE8}") = "Solution Items", "Solution Items", "{A317274F-E11C-4C46-9B69-48E711DC6054}"
	ProjectSection(SolutionItems) = preProject
		.editorconfig = .editorconfig
	EndProjectSection
EndProject
Global
	GlobalSection(SolutionConfigurationPlatforms) = preSolution
		Debug|Any CPU = Debug|Any CPU
		Release|Any CPU = Release|Any CPU
	EndGlobalSection
	GlobalSection(ProjectConfigurationPlatforms) = postSolution
		{21A89583-B632-4F74-85BE-53E18994A594}.Debug|Any CPU.ActiveCfg = Debug|Any CPU
		{21A89583-B632-4F74-85BE-53E18994A594}.Debug|Any CPU.Build.0 = Debug|Any CPU
		{21A89583-B632-4F74-85BE-53E18994A594}.Release|Any CPU.ActiveCfg = Release|Any CPU
		{21A89583-B632-4F74-85BE-53E18994A594}.Release|Any CPU.Build.0 = Release|Any CPU
	EndGlobalSection
	GlobalSection(SolutionProperties) = preSolution
		HideSolutionNode = FALSE
	EndGlobalSection
	GlobalSection(ExtensibilityGlobals) = postSolution
		SolutionGuid = {1712A3F9-720C-4167-8603-4789AA5EB247}
	EndGlobalSection
EndGlobal
